# THIS IS AN AUTOGENERATED FILE. DO NOT EDIT THIS FILE DIRECTLY.
# yarn lockfile v1


"@fontsource-variable/plus-jakarta-sans@^5.0.7":
  version "5.0.7"
  resolved "https://registry.yarnpkg.com/@fontsource-variable/plus-jakarta-sans/-/plus-jakarta-sans-5.0.7.tgz#bbbc09fc1e595330eb607f98842d6df032ecdf2d"
  integrity sha512-To835uoGWvt2obTV1QHnm1V6POSeb6xbZyOi5G0xEct7hoELNhGgUIFnwIwiDD6EslxxYiRo7h2hSw9oSQRsNA==
